
Microsoft Visual Studio Solution File, Format Version 12.00
# Visual Studio Version 17
VisualStudioVersion = 17.3.32819.101
MinimumVisualStudioVersion = 10.0.40219.1
Project("{FAE04EC0-301F-11D3-BF4B-00C04F79EFBC}") = "uppgift 3.17", "uppgift 3.17\uppgift 3.17.csproj", "{EAAE4C20-8992-4CCF-8B2C-AF03B11E51CD}"
EndProject
Global
	GlobalSection(SolutionConfigurationPlatforms) = preSolution
		Debug|Any CPU = Debug|Any CPU
		Release|Any CPU = Release|Any CPU
	EndGlobalSection
	GlobalSection(ProjectConfigurationPlatforms) = postSolution
		{EAAE4C20-8992-4CCF-8B2C-AF03B11E51CD}.Debug|Any CPU.ActiveCfg = Debug|Any CPU
		{EAAE4C20-8992-4CCF-8B2C-AF03B11E51CD}.Debug|Any CPU.Build.0 = Debug|Any CPU
		{EAAE4C20-8992-4CCF-8B2C-AF03B11E51CD}.Release|Any CPU.ActiveCfg = Release|Any CPU
		{EAAE4C20-8992-4CCF-8B2C-AF03B11E51CD}.Release|Any CPU.Build.0 = Release|Any CPU
	EndGlobalSection
	GlobalSection(SolutionProperties) = preSolution
		HideSolutionNode = FALSE
	EndGlobalSection
	GlobalSection(ExtensibilityGlobals) = postSolution
		SolutionGuid = {6DA42D92-9034-41DA-B631-3EF4C5357681}
	EndGlobalSection
EndGlobal
